
Microsoft Visual Studio Solution File, Format Version 12.00
# Visual Studio Version 17
VisualStudioVersion = 17.7.34031.279
MinimumVisualStudioVersion = 10.0.40219.1
Project("{FAE04EC0-301F-11D3-BF4B-00C04F79EFBC}") = "Wpf_TimeCraft_Calendar_IlayBiton", "Wpf_TimeCraft_Calendar_IlayBiton\Wpf_TimeCraft_Calendar_IlayBiton.csproj", "{1C27CC9A-0FAC-4D16-9631-5E93600D2F44}"
EndProject
Global
	GlobalSection(SolutionConfigurationPlatforms) = preSolution
		Debug|Any CPU = Debug|Any CPU
		Release|Any CPU = Release|Any CPU
	EndGlobalSection
	GlobalSection(ProjectConfigurationPlatforms) = postSolution
		{1C27CC9A-0FAC-4D16-9631-5E93600D2F44}.Debug|Any CPU.ActiveCfg = Debug|Any CPU
		{1C27CC9A-0FAC-4D16-9631-5E93600D2F44}.Debug|Any CPU.Build.0 = Debug|Any CPU
		{1C27CC9A-0FAC-4D16-9631-5E93600D2F44}.Release|Any CPU.ActiveCfg = Release|Any CPU
		{1C27CC9A-0FAC-4D16-9631-5E93600D2F44}.Release|Any CPU.Build.0 = Release|Any CPU
	EndGlobalSection
	GlobalSection(SolutionProperties) = preSolution
		HideSolutionNode = FALSE
	EndGlobalSection
	GlobalSection(ExtensibilityGlobals) = postSolution
		SolutionGuid = {56B6BBB5-546D-42DA-958F-2DE1FC9A5E14}
	EndGlobalSection
EndGlobal
